# This file is autogenerated, do not edit; changes may be undone by the next 'dep ensure'.


[[projects]]
  branch = "master"
  name = "github.com/golang/glog"
  packages = ["."]
  revision = "23def4e6c14b4da8ac2ed8007337bc5eb5007998"

[[projects]]
  branch = "master"
  name = "github.com/tcaine/twamp"
  packages = ["."]
  revision = "479bc5f2e74931a9f32e1ec9c174d162ac192e62"

[[projects]]
  branch = "master"
  name = "golang.org/x/net"
  packages = [
    "bpf",
    "internal/iana",
    "internal/socket",
    "ipv4"
  ]
  revision = "312bce6e941fc7e152b630a8643ea239afc12ddd"

[solve-meta]
  analyzer-name = "dep"
  analyzer-version = 1
  inputs-digest = "6feac264bf71d0355d2fea70762117dafb210880b873405af38b3020ba4a6723"
  solver-name = "gps-cdcl"
  solver-version = 1
